
Microsoft Visual Studio Solution File, Format Version 12.00
# Visual Studio 15
VisualStudioVersion = 15.0.28307.645
MinimumVisualStudioVersion = 10.0.40219.1
Project("{FAE04EC0-301F-11D3-BF4B-00C04F79EFBC}") = "Almacen", "Almacen\Almacen.csproj", "{A1B8DDE9-9D75-443D-8E37-7F344B25D77B}"
EndProject
Global
	GlobalSection(SolutionConfigurationPlatforms) = preSolution
		Debug|Any CPU = Debug|Any CPU
		Release|Any CPU = Release|Any CPU
	EndGlobalSection
	GlobalSection(ProjectConfigurationPlatforms) = postSolution
		{A1B8DDE9-9D75-443D-8E37-7F344B25D77B}.Debug|Any CPU.ActiveCfg = Debug|Any CPU
		{A1B8DDE9-9D75-443D-8E37-7F344B25D77B}.Debug|Any CPU.Build.0 = Debug|Any CPU
		{A1B8DDE9-9D75-443D-8E37-7F344B25D77B}.Release|Any CPU.ActiveCfg = Release|Any CPU
		{A1B8DDE9-9D75-443D-8E37-7F344B25D77B}.Release|Any CPU.Build.0 = Release|Any CPU
	EndGlobalSection
	GlobalSection(SolutionProperties) = preSolution
		HideSolutionNode = FALSE
	EndGlobalSection
	GlobalSection(ExtensibilityGlobals) = postSolution
		SolutionGuid = {8A47911A-E5CE-4FA8-AAAB-BDB8A3CE3E85}
	EndGlobalSection
EndGlobal
